
Microsoft Visual Studio Solution File, Format Version 12.00
Project("{FAE04EC0-301F-11D3-BF4B-00C04F79EFBC}") = "CSPMerge", "CSPMerge\CSPMerge.csproj", "{AA13AEC0-78F0-4F38-B782-42A8D17D3121}"
EndProject
Global
	GlobalSection(SolutionConfigurationPlatforms) = preSolution
		Debug|Any CPU = Debug|Any CPU
		Release|Any CPU = Release|Any CPU
	EndGlobalSection
	GlobalSection(ProjectConfigurationPlatforms) = postSolution
		{AA13AEC0-78F0-4F38-B782-42A8D17D3121}.Debug|Any CPU.ActiveCfg = Debug|Any CPU
		{AA13AEC0-78F0-4F38-B782-42A8D17D3121}.Debug|Any CPU.Build.0 = Debug|Any CPU
		{AA13AEC0-78F0-4F38-B782-42A8D17D3121}.Release|Any CPU.ActiveCfg = Release|Any CPU
		{AA13AEC0-78F0-4F38-B782-42A8D17D3121}.Release|Any CPU.Build.0 = Release|Any CPU
	EndGlobalSection
EndGlobal
